{
  "version": "3",
  "packages": {
    "specifiers": {
      "jsr:@eveffer/color-me@^0.1.2": "jsr:@eveffer/color-me@0.1.2",
      "jsr:@eveffer/easy-cli@^0.1.2": "jsr:@eveffer/easy-cli@0.1.2",
      "jsr:@eveffer/string-utils@^0.1.2": "jsr:@eveffer/string-utils@0.1.2"
    },
    "jsr": {
      "@eveffer/color-me@0.1.2": {
        "integrity": "a2a30211812485439516e281953ba20e494439cd340f2a6fee03b9cf91771632"
      },
      "@eveffer/easy-cli@0.1.2": {
        "integrity": "c3e529346d733f929c6a38e368914d4dd4f66bcc536235786263c8048a76f171",
        "dependencies": [
          "jsr:@eveffer/color-me@^0.1.2",
          "jsr:@eveffer/string-utils@^0.1.2"
        ]
      },
      "@eveffer/string-utils@0.1.2": {
        "integrity": "07fb8232f8cd7c3ef9c975bfc01fe780f2e057a082d59c2f152087d006ecef1a"
      }
    }
  },
  "remote": {},
  "workspace": {
    "dependencies": [
      "jsr:@eveffer/easy-cli@^0.1.2"
    ]
  }
}
